
Microsoft Visual Studio Solution File, Format Version 12.00
# Visual Studio 2013
VisualStudioVersion = 12.0.30501.0
MinimumVisualStudioVersion = 10.0.40219.1
Project("{FAE04EC0-301F-11D3-BF4B-00C04F79EFBC}") = "KerbExpressions", "KerbExpressions\KerbExpressions.csproj", "{75256564-357D-46BC-B86F-E917C5AA8717}"
EndProject
Global
	GlobalSection(SolutionConfigurationPlatforms) = preSolution
		Debug|Any CPU = Debug|Any CPU
		DebugMono|Any CPU = DebugMono|Any CPU
		Release|Any CPU = Release|Any CPU
	EndGlobalSection
	GlobalSection(ProjectConfigurationPlatforms) = postSolution
		{75256564-357D-46BC-B86F-E917C5AA8717}.Debug|Any CPU.ActiveCfg = Debug|Any CPU
		{75256564-357D-46BC-B86F-E917C5AA8717}.Debug|Any CPU.Build.0 = Debug|Any CPU
		{75256564-357D-46BC-B86F-E917C5AA8717}.DebugMono|Any CPU.ActiveCfg = DebugMono|Any CPU
		{75256564-357D-46BC-B86F-E917C5AA8717}.Release|Any CPU.ActiveCfg = Release|Any CPU
		{75256564-357D-46BC-B86F-E917C5AA8717}.Release|Any CPU.Build.0 = Release|Any CPU
	EndGlobalSection
	GlobalSection(SolutionProperties) = preSolution
		HideSolutionNode = FALSE
	EndGlobalSection
EndGlobal
